
Microsoft Visual Studio Solution File, Format Version 12.00
# Visual Studio Version 17
VisualStudioVersion = 17.4.33205.214
MinimumVisualStudioVersion = 10.0.40219.1
Project("{FAE04EC0-301F-11D3-BF4B-00C04F79EFBC}") = "Expense-Diary", "Expense-Diary.csproj", "{BBA7A03D-6E6B-41B7-B028-C01A53F97864}"
EndProject
Global
	GlobalSection(SolutionConfigurationPlatforms) = preSolution
		Debug|Any CPU = Debug|Any CPU
		Release|Any CPU = Release|Any CPU
	EndGlobalSection
	GlobalSection(ProjectConfigurationPlatforms) = postSolution
		{BBA7A03D-6E6B-41B7-B028-C01A53F97864}.Debug|Any CPU.ActiveCfg = Debug|Any CPU
		{BBA7A03D-6E6B-41B7-B028-C01A53F97864}.Debug|Any CPU.Build.0 = Debug|Any CPU
		{BBA7A03D-6E6B-41B7-B028-C01A53F97864}.Release|Any CPU.ActiveCfg = Release|Any CPU
		{BBA7A03D-6E6B-41B7-B028-C01A53F97864}.Release|Any CPU.Build.0 = Release|Any CPU
	EndGlobalSection
	GlobalSection(SolutionProperties) = preSolution
		HideSolutionNode = FALSE
	EndGlobalSection
	GlobalSection(ExtensibilityGlobals) = postSolution
		SolutionGuid = {568A0ABA-C380-45EF-A070-264F71EBEF72}
	EndGlobalSection
EndGlobal
